
Microsoft Visual Studio Solution File, Format Version 12.00
# Visual Studio Version 17
VisualStudioVersion = 17.13.35828.75 d17.13
MinimumVisualStudioVersion = 10.0.40219.1
Project("{FAE04EC0-301F-11D3-BF4B-00C04F79EFBC}") = "game-pulse.API", "game-pulse.API.csproj", "{0B8865BC-C546-4033-8255-1B08C501BDE3}"
EndProject
Global
	GlobalSection(SolutionConfigurationPlatforms) = preSolution
		Debug|Any CPU = Debug|Any CPU
		Release|Any CPU = Release|Any CPU
	EndGlobalSection
	GlobalSection(ProjectConfigurationPlatforms) = postSolution
		{0B8865BC-C546-4033-8255-1B08C501BDE3}.Debug|Any CPU.ActiveCfg = Debug|Any CPU
		{0B8865BC-C546-4033-8255-1B08C501BDE3}.Debug|Any CPU.Build.0 = Debug|Any CPU
		{0B8865BC-C546-4033-8255-1B08C501BDE3}.Release|Any CPU.ActiveCfg = Release|Any CPU
		{0B8865BC-C546-4033-8255-1B08C501BDE3}.Release|Any CPU.Build.0 = Release|Any CPU
	EndGlobalSection
	GlobalSection(SolutionProperties) = preSolution
		HideSolutionNode = FALSE
	EndGlobalSection
	GlobalSection(ExtensibilityGlobals) = postSolution
		SolutionGuid = {87B32FCC-49ED-47F6-B2DA-1913830510A5}
	EndGlobalSection
EndGlobal
