
Microsoft Visual Studio Solution File, Format Version 12.00
# Visual Studio Version 17
VisualStudioVersion = 17.13.36105.23
MinimumVisualStudioVersion = 10.0.40219.1
Project("{FAE04EC0-301F-11D3-BF4B-00C04F79EFBC}") = "game-pulse.Data", "..\game-pulse.Data\game-pulse.Data.csproj", "{04D360E1-3A17-4861-961A-6E71C40BCB1B}"
EndProject
Project("{FAE04EC0-301F-11D3-BF4B-00C04F79EFBC}") = "game-pulse.API", "game-pulse.API.csproj", "{AC377497-9EB3-FC38-4B7D-A6A0340FFCAE}"
	ProjectSection(ProjectDependencies) = postProject
		{04D360E1-3A17-4861-961A-6E71C40BCB1B} = {04D360E1-3A17-4861-961A-6E71C40BCB1B}
	EndProjectSection
EndProject
Global
	GlobalSection(SolutionConfigurationPlatforms) = preSolution
		Debug|Any CPU = Debug|Any CPU
		Release|Any CPU = Release|Any CPU
	EndGlobalSection
	GlobalSection(ProjectConfigurationPlatforms) = postSolution
		{04D360E1-3A17-4861-961A-6E71C40BCB1B}.Debug|Any CPU.ActiveCfg = Debug|Any CPU
		{04D360E1-3A17-4861-961A-6E71C40BCB1B}.Debug|Any CPU.Build.0 = Debug|Any CPU
		{04D360E1-3A17-4861-961A-6E71C40BCB1B}.Release|Any CPU.ActiveCfg = Release|Any CPU
		{04D360E1-3A17-4861-961A-6E71C40BCB1B}.Release|Any CPU.Build.0 = Release|Any CPU
		{AC377497-9EB3-FC38-4B7D-A6A0340FFCAE}.Debug|Any CPU.ActiveCfg = Debug|Any CPU
		{AC377497-9EB3-FC38-4B7D-A6A0340FFCAE}.Debug|Any CPU.Build.0 = Debug|Any CPU
		{AC377497-9EB3-FC38-4B7D-A6A0340FFCAE}.Release|Any CPU.ActiveCfg = Release|Any CPU
		{AC377497-9EB3-FC38-4B7D-A6A0340FFCAE}.Release|Any CPU.Build.0 = Release|Any CPU
	EndGlobalSection
	GlobalSection(SolutionProperties) = preSolution
		HideSolutionNode = FALSE
	EndGlobalSection
	GlobalSection(ExtensibilityGlobals) = postSolution
		SolutionGuid = {750077D0-55A7-4A74-B5A5-19906A432FD1}
	EndGlobalSection
EndGlobal
